
Microsoft Visual Studio Solution File, Format Version 12.00
# Visual Studio Version 17
VisualStudioVersion = 17.8.34330.188
MinimumVisualStudioVersion = 10.0.40219.1
Project("{FAE04EC0-301F-11D3-BF4B-00C04F79EFBC}") = "Zakladki", "Zakladki\Zakladki.csproj", "{A07264BE-3BFB-441F-80D0-3DF30CA1EF1B}"
EndProject
Global
	GlobalSection(SolutionConfigurationPlatforms) = preSolution
		Debug|Any CPU = Debug|Any CPU
		Release|Any CPU = Release|Any CPU
	EndGlobalSection
	GlobalSection(ProjectConfigurationPlatforms) = postSolution
		{A07264BE-3BFB-441F-80D0-3DF30CA1EF1B}.Debug|Any CPU.ActiveCfg = Debug|Any CPU
		{A07264BE-3BFB-441F-80D0-3DF30CA1EF1B}.Debug|Any CPU.Build.0 = Debug|Any CPU
		{A07264BE-3BFB-441F-80D0-3DF30CA1EF1B}.Release|Any CPU.ActiveCfg = Release|Any CPU
		{A07264BE-3BFB-441F-80D0-3DF30CA1EF1B}.Release|Any CPU.Build.0 = Release|Any CPU
	EndGlobalSection
	GlobalSection(SolutionProperties) = preSolution
		HideSolutionNode = FALSE
	EndGlobalSection
	GlobalSection(ExtensibilityGlobals) = postSolution
		SolutionGuid = {4AE2A70B-2923-450E-992B-E12F89E1597E}
	EndGlobalSection
EndGlobal
